{
  "object": {
    "pins": [
      {
        "package": "SunMoonToggleStyle",
        "repositoryURL": "https://github.com/puthnith/SunMoonToggleStyle",
        "state": {
          "branch": null,
          "revision": "ec68ad9c6047ee7a806fb740c281c4616bdcdddc",
          "version": "0.0.2"
        }
      },
      {
        "package": "SwiftUIDatePickerDialog",
        "repositoryURL": "https://github.com/globulus/swiftui-date-picker-dialog",
        "state": {
          "branch": null,
          "revision": "71fd42d30b6659dc66574db068ade4fefd4ced4e",
          "version": "1.0.0"
        }
      },
      {
        "package": "SwiftUIGenericDialog",
        "repositoryURL": "https://github.com/globulus/swiftui-generic-dialog",
        "state": {
          "branch": null,
          "revision": "e7f1a107014c3767c4220f9cae1e57d5c9f8fa8b",
          "version": "1.0.1"
        }
      }
    ]
  },
  "version": 1
}
